
Microsoft Visual Studio Solution File, Format Version 12.00
# Visual Studio Version 17
VisualStudioVersion = 17.5.33627.172
MinimumVisualStudioVersion = 10.0.40219.1
Project("{2150E333-8FDC-42A3-9474-1A3956D46DE8}") = "FrontEnd", "FrontEnd", "{B3C6E3B1-9FA5-4CBA-8D08-8994633369B0}"
EndProject
Project("{2150E333-8FDC-42A3-9474-1A3956D46DE8}") = "Gateway", "Gateway", "{1AB0A29C-8E3E-4A67-B93C-D6248AE47C79}"
EndProject
Project("{2150E333-8FDC-42A3-9474-1A3956D46DE8}") = "Integation", "Integation", "{5158927F-C833-4AE6-972D-BCB6672876D8}"
EndProject
Project("{2150E333-8FDC-42A3-9474-1A3956D46DE8}") = "Services", "Services", "{6D0A3C08-A41D-4E99-9B58-EE89D9C64DD4}"
EndProject
Project("{9A19103F-16F7-4668-BE54-9A1E7A4F7556}") = "Mango.Services.CouponAPI", "Mango.Services.CouponAPI\Mango.Services.CouponAPI.csproj", "{CBC5DD08-27DE-4A77-B167-AD6821D99DBD}"
EndProject
Project("{9A19103F-16F7-4668-BE54-9A1E7A4F7556}") = "Mango.Web", "Mango.Web\Mango.Web.csproj", "{BC28774A-5640-4720-9F5E-AA789388ED90}"
EndProject
Project("{9A19103F-16F7-4668-BE54-9A1E7A4F7556}") = "Mango.Services.AuthAPI", "Mango.Services.AuthAPI\Mango.Services.AuthAPI.csproj", "{8EB31F60-6BFC-4463-B981-CD589E721E05}"
EndProject
Project("{9A19103F-16F7-4668-BE54-9A1E7A4F7556}") = "Mango.Services.ProductAPI", "Mango.Services.ProductAPI\Mango.Services.ProductAPI.csproj", "{F207B361-8F23-43D1-906D-E4EEB4BA1337}"
EndProject
Project("{9A19103F-16F7-4668-BE54-9A1E7A4F7556}") = "Mango.Services.ShoppingCartAPI", "Mango.Services.ShoppingCart\Mango.Services.ShoppingCartAPI.csproj", "{E34032C8-C958-4909-AB12-4C3C389A5D9B}"
EndProject
Project("{FAE04EC0-301F-11D3-BF4B-00C04F79EFBC}") = "Mango.ServiceBus", "Mango.ServiceBus\Mango.ServiceBus.csproj", "{66C8F40B-6374-4BE7-A46A-D8AA5F57FEA3}"
EndProject
Global
	GlobalSection(SolutionConfigurationPlatforms) = preSolution
		Debug|Any CPU = Debug|Any CPU
		Release|Any CPU = Release|Any CPU
	EndGlobalSection
	GlobalSection(ProjectConfigurationPlatforms) = postSolution
		{CBC5DD08-27DE-4A77-B167-AD6821D99DBD}.Debug|Any CPU.ActiveCfg = Debug|Any CPU
		{CBC5DD08-27DE-4A77-B167-AD6821D99DBD}.Debug|Any CPU.Build.0 = Debug|Any CPU
		{CBC5DD08-27DE-4A77-B167-AD6821D99DBD}.Release|Any CPU.ActiveCfg = Release|Any CPU
		{CBC5DD08-27DE-4A77-B167-AD6821D99DBD}.Release|Any CPU.Build.0 = Release|Any CPU
		{BC28774A-5640-4720-9F5E-AA789388ED90}.Debug|Any CPU.ActiveCfg = Debug|Any CPU
		{BC28774A-5640-4720-9F5E-AA789388ED90}.Debug|Any CPU.Build.0 = Debug|Any CPU
		{BC28774A-5640-4720-9F5E-AA789388ED90}.Release|Any CPU.ActiveCfg = Release|Any CPU
		{BC28774A-5640-4720-9F5E-AA789388ED90}.Release|Any CPU.Build.0 = Release|Any CPU
		{8EB31F60-6BFC-4463-B981-CD589E721E05}.Debug|Any CPU.ActiveCfg = Debug|Any CPU
		{8EB31F60-6BFC-4463-B981-CD589E721E05}.Debug|Any CPU.Build.0 = Debug|Any CPU
		{8EB31F60-6BFC-4463-B981-CD589E721E05}.Release|Any CPU.ActiveCfg = Release|Any CPU
		{8EB31F60-6BFC-4463-B981-CD589E721E05}.Release|Any CPU.Build.0 = Release|Any CPU
		{F207B361-8F23-43D1-906D-E4EEB4BA1337}.Debug|Any CPU.ActiveCfg = Debug|Any CPU
		{F207B361-8F23-43D1-906D-E4EEB4BA1337}.Debug|Any CPU.Build.0 = Debug|Any CPU
		{F207B361-8F23-43D1-906D-E4EEB4BA1337}.Release|Any CPU.ActiveCfg = Release|Any CPU
		{F207B361-8F23-43D1-906D-E4EEB4BA1337}.Release|Any CPU.Build.0 = Release|Any CPU
		{E34032C8-C958-4909-AB12-4C3C389A5D9B}.Debug|Any CPU.ActiveCfg = Debug|Any CPU
		{E34032C8-C958-4909-AB12-4C3C389A5D9B}.Debug|Any CPU.Build.0 = Debug|Any CPU
		{E34032C8-C958-4909-AB12-4C3C389A5D9B}.Release|Any CPU.ActiveCfg = Release|Any CPU
		{E34032C8-C958-4909-AB12-4C3C389A5D9B}.Release|Any CPU.Build.0 = Release|Any CPU
		{66C8F40B-6374-4BE7-A46A-D8AA5F57FEA3}.Debug|Any CPU.ActiveCfg = Debug|Any CPU
		{66C8F40B-6374-4BE7-A46A-D8AA5F57FEA3}.Debug|Any CPU.Build.0 = Debug|Any CPU
		{66C8F40B-6374-4BE7-A46A-D8AA5F57FEA3}.Release|Any CPU.ActiveCfg = Release|Any CPU
		{66C8F40B-6374-4BE7-A46A-D8AA5F57FEA3}.Release|Any CPU.Build.0 = Release|Any CPU
	EndGlobalSection
	GlobalSection(SolutionProperties) = preSolution
		HideSolutionNode = FALSE
	EndGlobalSection
	GlobalSection(NestedProjects) = preSolution
		{CBC5DD08-27DE-4A77-B167-AD6821D99DBD} = {6D0A3C08-A41D-4E99-9B58-EE89D9C64DD4}
		{BC28774A-5640-4720-9F5E-AA789388ED90} = {B3C6E3B1-9FA5-4CBA-8D08-8994633369B0}
		{8EB31F60-6BFC-4463-B981-CD589E721E05} = {6D0A3C08-A41D-4E99-9B58-EE89D9C64DD4}
		{F207B361-8F23-43D1-906D-E4EEB4BA1337} = {6D0A3C08-A41D-4E99-9B58-EE89D9C64DD4}
		{E34032C8-C958-4909-AB12-4C3C389A5D9B} = {6D0A3C08-A41D-4E99-9B58-EE89D9C64DD4}
		{66C8F40B-6374-4BE7-A46A-D8AA5F57FEA3} = {5158927F-C833-4AE6-972D-BCB6672876D8}
	EndGlobalSection
	GlobalSection(ExtensibilityGlobals) = postSolution
		SolutionGuid = {45AF53C0-DF2D-403E-933C-289C64434A5A}
	EndGlobalSection
EndGlobal
